// !$*UTF8*$!
{
	archiveVersion = 1;
	classes = {
	};
	objectVersion = 50;
	objects = {

/* Begin PBXBuildFile section */
		3D9C42A222745900000A6585 /* AssinPageControl.swift in Sources */ = {isa = PBXBuildFile; fileRef = 3D9C42A122745900000A6585 /* AssinPageControl.swift */; };
		3D9C42F62274604A000A6585 /* InkPageIndicator.framework in Frameworks */ = {isa = PBXBuildFile; fileRef = 3D9C429022745894000A6585 /* InkPageIndicator.framework */; };
		3D9C42FC22746078000A6585 /* InkPageIndicatorTests.swift in Sources */ = {isa = PBXBuildFile; fileRef = 3D9C42D722745CDE000A6585 /* InkPageIndicatorTests.swift */; };
		3D9C43242274629B000A6585 /* AppDelegate.swift in Sources */ = {isa = PBXBuildFile; fileRef = 3D9C43232274629B000A6585 /* AppDelegate.swift */; };
		3D9C432B2274629C000A6585 /* Assets.xcassets in Resources */ = {isa = PBXBuildFile; fileRef = 3D9C432A2274629C000A6585 /* Assets.xcassets */; };
		3D9C432E2274629C000A6585 /* LaunchScreen.storyboard in Resources */ = {isa = PBXBuildFile; fileRef = 3D9C432C2274629C000A6585 /* LaunchScreen.storyboard */; };
		3D9C433422746323000A6585 /* InkPageIndicator.framework in Frameworks */ = {isa = PBXBuildFile; fileRef = 3D9C429022745894000A6585 /* InkPageIndicator.framework */; };
		3D9C433522746323000A6585 /* InkPageIndicator.framework in Embed Frameworks */ = {isa = PBXBuildFile; fileRef = 3D9C429022745894000A6585 /* InkPageIndicator.framework */; settings = {ATTRIBUTES = (CodeSignOnCopy, RemoveHeadersOnCopy, ); }; };
		BD3F0B2E2329BD59009AA076 /* UIPageViewController+Paging.swift in Sources */ = {isa = PBXBuildFile; fileRef = BD3F0B2D2329BD59009AA076 /* UIPageViewController+Paging.swift */; };
		BD3F0B322329BEC4009AA076 /* UIViewController+AddChild.swift in Sources */ = {isa = PBXBuildFile; fileRef = BD3F0B312329BEC4009AA076 /* UIViewController+AddChild.swift */; };
		BD3F0B342329BF39009AA076 /* Main.storyboard in Resources */ = {isa = PBXBuildFile; fileRef = BD3F0B332329BF39009AA076 /* Main.storyboard */; };
		BD3F0B362329C8EA009AA076 /* ChildViewController.swift in Sources */ = {isa = PBXBuildFile; fileRef = BD3F0B352329C8EA009AA076 /* ChildViewController.swift */; };
		BD3F0B3E2329CCD8009AA076 /* UIImage+Dot.swift in Sources */ = {isa = PBXBuildFile; fileRef = BD3F0B3D2329CCD8009AA076 /* UIImage+Dot.swift */; };
		BD3F0B402329CF13009AA076 /* Logger.swift in Sources */ = {isa = PBXBuildFile; fileRef = BD3F0B3F2329CF13009AA076 /* Logger.swift */; };
		BD3F0B442329DC1D009AA076 /* UIImage+Dot.swift in Sources */ = {isa = PBXBuildFile; fileRef = BD3F0B3D2329CCD8009AA076 /* UIImage+Dot.swift */; };
		BD3F0B452329DC1D009AA076 /* Logger.swift in Sources */ = {isa = PBXBuildFile; fileRef = BD3F0B3F2329CF13009AA076 /* Logger.swift */; };
		BD4D6675232B2FC400D1D38A /* AssinPageController.swift in Sources */ = {isa = PBXBuildFile; fileRef = BD4D6674232B2FC400D1D38A /* AssinPageController.swift */; };
		BD4D6678232B350800D1D38A /* ChildModel.swift in Sources */ = {isa = PBXBuildFile; fileRef = BD4D6677232B350800D1D38A /* ChildModel.swift */; };
		BD63FB99232CB8770086BCB1 /* SamplePageViewController.swift in Sources */ = {isa = PBXBuildFile; fileRef = BD63FB98232CB8770086BCB1 /* SamplePageViewController.swift */; };
		BD72620B232A8726009AA2F4 /* AssinPageControl+CALayer.swift in Sources */ = {isa = PBXBuildFile; fileRef = BD72620A232A8726009AA2F4 /* AssinPageControl+CALayer.swift */; };
		BD72620D232A8BBA009AA2F4 /* Array+Subscript.swift in Sources */ = {isa = PBXBuildFile; fileRef = BD72620C232A8BBA009AA2F4 /* Array+Subscript.swift */; };
		BD72620F232A8BCD009AA2F4 /* CABasicAnimation+Init.swift in Sources */ = {isa = PBXBuildFile; fileRef = BD72620E232A8BCD009AA2F4 /* CABasicAnimation+Init.swift */; };
		BD726211232A8EAD009AA2F4 /* EasingFunction.swift in Sources */ = {isa = PBXBuildFile; fileRef = BD726210232A8EAD009AA2F4 /* EasingFunction.swift */; };
		BD726214232A99D1009AA2F4 /* TranslateDotAnimator.swift in Sources */ = {isa = PBXBuildFile; fileRef = BD726213232A99D1009AA2F4 /* TranslateDotAnimator.swift */; };
		BD726219232AA39A009AA2F4 /* DotType.swift in Sources */ = {isa = PBXBuildFile; fileRef = BD726218232AA39A009AA2F4 /* DotType.swift */; };
		BD72621B232AD171009AA2F4 /* UIBeizerPathProvider.swift in Sources */ = {isa = PBXBuildFile; fileRef = BD72621A232AD171009AA2F4 /* UIBeizerPathProvider.swift */; };
		BD72621E232AD257009AA2F4 /* UIBeizerPathProviderTest.swift in Sources */ = {isa = PBXBuildFile; fileRef = BD72621C232AD202009AA2F4 /* UIBeizerPathProviderTest.swift */; };
		BDABF19D232B39D9003350DA /* Generator.swift in Sources */ = {isa = PBXBuildFile; fileRef = BDABF19C232B39D9003350DA /* Generator.swift */; };
		BDABF19F232B3A06003350DA /* UICollectionViewControllerExample.swift in Sources */ = {isa = PBXBuildFile; fileRef = BDABF19E232B3A06003350DA /* UICollectionViewControllerExample.swift */; };
		BDABF1A1232B3A31003350DA /* UIPageViewControllerExample.swift in Sources */ = {isa = PBXBuildFile; fileRef = BDABF1A0232B3A31003350DA /* UIPageViewControllerExample.swift */; };
		BDABF1A7232B3B08003350DA /* ScrollingImageCell.swift in Sources */ = {isa = PBXBuildFile; fileRef = BDABF1A6232B3B08003350DA /* ScrollingImageCell.swift */; };
		BDABF1A9232B3B1A003350DA /* SwiftNameIdentifier.swift in Sources */ = {isa = PBXBuildFile; fileRef = BDABF1A8232B3B1A003350DA /* SwiftNameIdentifier.swift */; };
		BDC5C62B232A70F9003B2C76 /* FunctionTool.swift in Sources */ = {isa = PBXBuildFile; fileRef = BDC5C62A232A70F9003B2C76 /* FunctionTool.swift */; };
		BDC5C62D232A745D003B2C76 /* AssinError.swift in Sources */ = {isa = PBXBuildFile; fileRef = BDC5C62C232A745D003B2C76 /* AssinError.swift */; };
		BDC80239232A0B3B00BEF13C /* CenterLayoutArranger.swift in Sources */ = {isa = PBXBuildFile; fileRef = BDC80238232A0B3B00BEF13C /* CenterLayoutArranger.swift */; };
		BDC8023D232A0C7700BEF13C /* CenterLayoutArrangerTest.swift in Sources */ = {isa = PBXBuildFile; fileRef = BDC8023A232A0BDE00BEF13C /* CenterLayoutArrangerTest.swift */; };
		BDC80240232A0DBE00BEF13C /* CGUtils.swift in Sources */ = {isa = PBXBuildFile; fileRef = BDC8023E232A0DAE00BEF13C /* CGUtils.swift */; };
		BDC80242232A207100BEF13C /* Array+Row.swift in Sources */ = {isa = PBXBuildFile; fileRef = BDC80241232A207100BEF13C /* Array+Row.swift */; };
		BDFA50C8232CB57B00116B3A /* UIPageControlAdapter.swift in Sources */ = {isa = PBXBuildFile; fileRef = BDFA50C7232CB57B00116B3A /* UIPageControlAdapter.swift */; };
/* End PBXBuildFile section */

/* Begin PBXContainerItemProxy section */
		3D9C42F72274604A000A6585 /* PBXContainerItemProxy */ = {
			isa = PBXContainerItemProxy;
			containerPortal = 3D9C428722745894000A6585 /* Project object */;
			proxyType = 1;
			remoteGlobalIDString = 3D9C428F22745894000A6585;
			remoteInfo = "InkPageIndicator-iOS";
		};
		3D9C433622746323000A6585 /* PBXContainerItemProxy */ = {
			isa = PBXContainerItemProxy;
			containerPortal = 3D9C428722745894000A6585 /* Project object */;
			proxyType = 1;
			remoteGlobalIDString = 3D9C428F22745894000A6585;
			remoteInfo = "InkPageIndicator-iOS";
		};
/* End PBXContainerItemProxy section */

/* Begin PBXCopyFilesBuildPhase section */
		3D9C433822746323000A6585 /* Embed Frameworks */ = {
			isa = PBXCopyFilesBuildPhase;
			buildActionMask = 2147483647;
			dstPath = "";
			dstSubfolderSpec = 10;
			files = (
				3D9C433522746323000A6585 /* InkPageIndicator.framework in Embed Frameworks */,
			);
			name = "Embed Frameworks";
			runOnlyForDeploymentPostprocessing = 0;
		};
/* End PBXCopyFilesBuildPhase section */

/* Begin PBXFileReference section */
		3D9C429022745894000A6585 /* InkPageIndicator.framework */ = {isa = PBXFileReference; explicitFileType = wrapper.framework; includeInIndex = 0; path = InkPageIndicator.framework; sourceTree = BUILT_PRODUCTS_DIR; };
		3D9C429C227458E8000A6585 /* InkPageIndicator.plist */ = {isa = PBXFileReference; fileEncoding = 4; lastKnownFileType = text.plist.xml; path = InkPageIndicator.plist; sourceTree = "<group>"; };
		3D9C429D227458E8000A6585 /* InkPageIndicatorTests.plist */ = {isa = PBXFileReference; fileEncoding = 4; lastKnownFileType = text.plist.xml; path = InkPageIndicatorTests.plist; sourceTree = "<group>"; };
		3D9C42A122745900000A6585 /* AssinPageControl.swift */ = {isa = PBXFileReference; lastKnownFileType = sourcecode.swift; path = AssinPageControl.swift; sourceTree = "<group>"; };
		3D9C42D222745B48000A6585 /* LICENSE */ = {isa = PBXFileReference; lastKnownFileType = text; path = LICENSE; sourceTree = SOURCE_ROOT; };
		3D9C42D322745B48000A6585 /* Package.swift */ = {isa = PBXFileReference; lastKnownFileType = sourcecode.swift; path = Package.swift; sourceTree = SOURCE_ROOT; };
		3D9C42D422745B48000A6585 /* InkPageIndicator.podspec */ = {isa = PBXFileReference; lastKnownFileType = text; path = InkPageIndicator.podspec; sourceTree = SOURCE_ROOT; };
		3D9C42D522745B48000A6585 /* README.md */ = {isa = PBXFileReference; lastKnownFileType = net.daringfireball.markdown; path = README.md; sourceTree = SOURCE_ROOT; };
		3D9C42D622745C9D000A6585 /* Fastfile */ = {isa = PBXFileReference; lastKnownFileType = text; name = Fastfile; path = fastlane/Fastfile; sourceTree = SOURCE_ROOT; };
		3D9C42D722745CDE000A6585 /* InkPageIndicatorTests.swift */ = {isa = PBXFileReference; lastKnownFileType = sourcecode.swift; path = InkPageIndicatorTests.swift; sourceTree = "<group>"; };
		3D9C42D822745DAF000A6585 /* .jazzy.yaml */ = {isa = PBXFileReference; lastKnownFileType = text; path = .jazzy.yaml; sourceTree = SOURCE_ROOT; };
		3D9C42D922745DAF000A6585 /* .swiftlint.yml */ = {isa = PBXFileReference; lastKnownFileType = text; path = .swiftlint.yml; sourceTree = SOURCE_ROOT; };
		3D9C42DA22745DB0000A6585 /* .swift-version */ = {isa = PBXFileReference; lastKnownFileType = text; path = ".swift-version"; sourceTree = SOURCE_ROOT; };
		3D9C42DB22745DB0000A6585 /* .gitignore */ = {isa = PBXFileReference; lastKnownFileType = text; path = .gitignore; sourceTree = SOURCE_ROOT; };
		3D9C42EC22745FDA000A6585 /* LinuxMain.swift */ = {isa = PBXFileReference; lastKnownFileType = sourcecode.swift; path = LinuxMain.swift; sourceTree = "<group>"; };
		3D9C42F12274604A000A6585 /* InkPageIndicator-iOSTests.xctest */ = {isa = PBXFileReference; explicitFileType = wrapper.cfbundle; includeInIndex = 0; path = "InkPageIndicator-iOSTests.xctest"; sourceTree = BUILT_PRODUCTS_DIR; };
		3D9C43212274629B000A6585 /* Example.app */ = {isa = PBXFileReference; explicitFileType = wrapper.application; includeInIndex = 0; path = Example.app; sourceTree = BUILT_PRODUCTS_DIR; };
		3D9C43232274629B000A6585 /* AppDelegate.swift */ = {isa = PBXFileReference; lastKnownFileType = sourcecode.swift; path = AppDelegate.swift; sourceTree = "<group>"; };
		3D9C432A2274629C000A6585 /* Assets.xcassets */ = {isa = PBXFileReference; lastKnownFileType = folder.assetcatalog; path = Assets.xcassets; sourceTree = "<group>"; };
		3D9C432D2274629C000A6585 /* Base */ = {isa = PBXFileReference; lastKnownFileType = file.storyboard; name = Base; path = Base.lproj/LaunchScreen.storyboard; sourceTree = "<group>"; };
		3D9C432F2274629C000A6585 /* Info.plist */ = {isa = PBXFileReference; lastKnownFileType = text.plist.xml; path = Info.plist; sourceTree = "<group>"; };
		3DB91AC4229AC263002668DA /* .travis.yml */ = {isa = PBXFileReference; lastKnownFileType = text; path = .travis.yml; sourceTree = SOURCE_ROOT; };
		3DB91AC5229AC26C002668DA /* .gitlab-ci.yml */ = {isa = PBXFileReference; lastKnownFileType = text; path = ".gitlab-ci.yml"; sourceTree = SOURCE_ROOT; };
		3DB91AC6229AC272002668DA /* azure-pipelines.yml */ = {isa = PBXFileReference; lastKnownFileType = text; path = "azure-pipelines.yml"; sourceTree = SOURCE_ROOT; };
		BD3F0B2D2329BD59009AA076 /* UIPageViewController+Paging.swift */ = {isa = PBXFileReference; lastKnownFileType = sourcecode.swift; path = "UIPageViewController+Paging.swift"; sourceTree = "<group>"; };
		BD3F0B312329BEC4009AA076 /* UIViewController+AddChild.swift */ = {isa = PBXFileReference; lastKnownFileType = sourcecode.swift; path = "UIViewController+AddChild.swift"; sourceTree = "<group>"; };
		BD3F0B332329BF39009AA076 /* Main.storyboard */ = {isa = PBXFileReference; fileEncoding = 4; lastKnownFileType = file.storyboard; path = Main.storyboard; sourceTree = "<group>"; };
		BD3F0B352329C8EA009AA076 /* ChildViewController.swift */ = {isa = PBXFileReference; lastKnownFileType = sourcecode.swift; path = ChildViewController.swift; sourceTree = "<group>"; };
		BD3F0B3D2329CCD8009AA076 /* UIImage+Dot.swift */ = {isa = PBXFileReference; lastKnownFileType = sourcecode.swift; path = "UIImage+Dot.swift"; sourceTree = "<group>"; };
		BD3F0B3F2329CF13009AA076 /* Logger.swift */ = {isa = PBXFileReference; lastKnownFileType = sourcecode.swift; path = Logger.swift; sourceTree = "<group>"; };
		BD3F0B422329D9C2009AA076 /* InkPagePlayGround.playground */ = {isa = PBXFileReference; lastKnownFileType = file.playground; path = InkPagePlayGround.playground; sourceTree = "<group>"; xcLanguageSpecificationIdentifier = xcode.lang.swift; };
		BD4D6674232B2FC400D1D38A /* AssinPageController.swift */ = {isa = PBXFileReference; lastKnownFileType = sourcecode.swift; path = AssinPageController.swift; sourceTree = "<group>"; };
		BD4D6677232B350800D1D38A /* ChildModel.swift */ = {isa = PBXFileReference; lastKnownFileType = sourcecode.swift; path = ChildModel.swift; sourceTree = "<group>"; };
		BD63FB98232CB8770086BCB1 /* SamplePageViewController.swift */ = {isa = PBXFileReference; fileEncoding = 4; lastKnownFileType = sourcecode.swift; path = SamplePageViewController.swift; sourceTree = "<group>"; };
		BD72620A232A8726009AA2F4 /* AssinPageControl+CALayer.swift */ = {isa = PBXFileReference; lastKnownFileType = sourcecode.swift; path = "AssinPageControl+CALayer.swift"; sourceTree = "<group>"; };
		BD72620C232A8BBA009AA2F4 /* Array+Subscript.swift */ = {isa = PBXFileReference; lastKnownFileType = sourcecode.swift; path = "Array+Subscript.swift"; sourceTree = "<group>"; };
		BD72620E232A8BCD009AA2F4 /* CABasicAnimation+Init.swift */ = {isa = PBXFileReference; lastKnownFileType = sourcecode.swift; path = "CABasicAnimation+Init.swift"; sourceTree = "<group>"; };
		BD726210232A8EAD009AA2F4 /* EasingFunction.swift */ = {isa = PBXFileReference; lastKnownFileType = sourcecode.swift; path = EasingFunction.swift; sourceTree = "<group>"; };
		BD726213232A99D1009AA2F4 /* TranslateDotAnimator.swift */ = {isa = PBXFileReference; lastKnownFileType = sourcecode.swift; path = TranslateDotAnimator.swift; sourceTree = "<group>"; };
		BD726218232AA39A009AA2F4 /* DotType.swift */ = {isa = PBXFileReference; lastKnownFileType = sourcecode.swift; path = DotType.swift; sourceTree = "<group>"; };
		BD72621A232AD171009AA2F4 /* UIBeizerPathProvider.swift */ = {isa = PBXFileReference; lastKnownFileType = sourcecode.swift; path = UIBeizerPathProvider.swift; sourceTree = "<group>"; };
		BD72621C232AD202009AA2F4 /* UIBeizerPathProviderTest.swift */ = {isa = PBXFileReference; lastKnownFileType = sourcecode.swift; path = UIBeizerPathProviderTest.swift; sourceTree = "<group>"; };
		BDABF19C232B39D9003350DA /* Generator.swift */ = {isa = PBXFileReference; lastKnownFileType = sourcecode.swift; path = Generator.swift; sourceTree = "<group>"; };
		BDABF19E232B3A06003350DA /* UICollectionViewControllerExample.swift */ = {isa = PBXFileReference; lastKnownFileType = sourcecode.swift; path = UICollectionViewControllerExample.swift; sourceTree = "<group>"; };
		BDABF1A0232B3A31003350DA /* UIPageViewControllerExample.swift */ = {isa = PBXFileReference; fileEncoding = 4; lastKnownFileType = sourcecode.swift; path = UIPageViewControllerExample.swift; sourceTree = "<group>"; };
		BDABF1A6232B3B08003350DA /* ScrollingImageCell.swift */ = {isa = PBXFileReference; lastKnownFileType = sourcecode.swift; path = ScrollingImageCell.swift; sourceTree = "<group>"; };
		BDABF1A8232B3B1A003350DA /* SwiftNameIdentifier.swift */ = {isa = PBXFileReference; lastKnownFileType = sourcecode.swift; path = SwiftNameIdentifier.swift; sourceTree = "<group>"; };
		BDC5C62A232A70F9003B2C76 /* FunctionTool.swift */ = {isa = PBXFileReference; lastKnownFileType = sourcecode.swift; path = FunctionTool.swift; sourceTree = "<group>"; };
		BDC5C62C232A745D003B2C76 /* AssinError.swift */ = {isa = PBXFileReference; lastKnownFileType = sourcecode.swift; path = AssinError.swift; sourceTree = "<group>"; };
		BDC80238232A0B3B00BEF13C /* CenterLayoutArranger.swift */ = {isa = PBXFileReference; lastKnownFileType = sourcecode.swift; path = CenterLayoutArranger.swift; sourceTree = "<group>"; };
		BDC8023A232A0BDE00BEF13C /* CenterLayoutArrangerTest.swift */ = {isa = PBXFileReference; lastKnownFileType = sourcecode.swift; path = CenterLayoutArrangerTest.swift; sourceTree = "<group>"; };
		BDC8023E232A0DAE00BEF13C /* CGUtils.swift */ = {isa = PBXFileReference; lastKnownFileType = sourcecode.swift; path = CGUtils.swift; sourceTree = "<group>"; };
		BDC80241232A207100BEF13C /* Array+Row.swift */ = {isa = PBXFileReference; lastKnownFileType = sourcecode.swift; path = "Array+Row.swift"; sourceTree = "<group>"; };
		BDFA50C7232CB57B00116B3A /* UIPageControlAdapter.swift */ = {isa = PBXFileReference; lastKnownFileType = sourcecode.swift; path = UIPageControlAdapter.swift; sourceTree = "<group>"; };
/* End PBXFileReference section */

/* Begin PBXFrameworksBuildPhase section */
		3D9C428D22745894000A6585 /* Frameworks */ = {
			isa = PBXFrameworksBuildPhase;
			buildActionMask = 2147483647;
			files = (
			);
			runOnlyForDeploymentPostprocessing = 0;
		};
		3D9C42EE2274604A000A6585 /* Frameworks */ = {
			isa = PBXFrameworksBuildPhase;
			buildActionMask = 2147483647;
			files = (
				3D9C42F62274604A000A6585 /* InkPageIndicator.framework in Frameworks */,
			);
			runOnlyForDeploymentPostprocessing = 0;
		};
		3D9C431E2274629B000A6585 /* Frameworks */ = {
			isa = PBXFrameworksBuildPhase;
			buildActionMask = 2147483647;
			files = (
				3D9C433422746323000A6585 /* InkPageIndicator.framework in Frameworks */,
			);
			runOnlyForDeploymentPostprocessing = 0;
		};
/* End PBXFrameworksBuildPhase section */

/* Begin PBXGroup section */
		3D9C428622745894000A6585 = {
			isa = PBXGroup;
			children = (
				BD3F0B422329D9C2009AA076 /* InkPagePlayGround.playground */,
				3D9C42A0227458FA000A6585 /* Sources */,
				3D9C42A32274595F000A6585 /* Tests */,
				3D9C43222274629B000A6585 /* Example */,
				3D9C429B227458E8000A6585 /* Configs */,
				3D9C429122745894000A6585 /* Products */,
			);
			sourceTree = "<group>";
		};
		3D9C429122745894000A6585 /* Products */ = {
			isa = PBXGroup;
			children = (
				3D9C429022745894000A6585 /* InkPageIndicator.framework */,
				3D9C42F12274604A000A6585 /* InkPageIndicator-iOSTests.xctest */,
				3D9C43212274629B000A6585 /* Example.app */,
			);
			name = Products;
			sourceTree = "<group>";
		};
		3D9C429B227458E8000A6585 /* Configs */ = {
			isa = PBXGroup;
			children = (
				3D9C429C227458E8000A6585 /* InkPageIndicator.plist */,
				3D9C429D227458E8000A6585 /* InkPageIndicatorTests.plist */,
				3D9C42D422745B48000A6585 /* InkPageIndicator.podspec */,
				3D9C42D322745B48000A6585 /* Package.swift */,
				3D9C42D622745C9D000A6585 /* Fastfile */,
				3D9C42D222745B48000A6585 /* LICENSE */,
				3D9C42D522745B48000A6585 /* README.md */,
				3D9C42DB22745DB0000A6585 /* .gitignore */,
				3D9C42D822745DAF000A6585 /* .jazzy.yaml */,
				3D9C42DA22745DB0000A6585 /* .swift-version */,
				3D9C42D922745DAF000A6585 /* .swiftlint.yml */,
				3DB91AC4229AC263002668DA /* .travis.yml */,
				3DB91AC5229AC26C002668DA /* .gitlab-ci.yml */,
				3DB91AC6229AC272002668DA /* azure-pipelines.yml */,
			);
			path = Configs;
			sourceTree = "<group>";
		};
		3D9C42A0227458FA000A6585 /* Sources */ = {
			isa = PBXGroup;
			children = (
				BD726217232A9A2B009AA2F4 /* Extensions */,
				BD726216232A9A1A009AA2F4 /* General */,
				BD726212232A99C9009AA2F4 /* Animators */,
				BD3F0B432329DB13009AA076 /* Utils */,
				3D9C42A122745900000A6585 /* AssinPageControl.swift */,
				BD4D6674232B2FC400D1D38A /* AssinPageController.swift */,
				BD72620A232A8726009AA2F4 /* AssinPageControl+CALayer.swift */,
				BDC80238232A0B3B00BEF13C /* CenterLayoutArranger.swift */,
				BD726218232AA39A009AA2F4 /* DotType.swift */,
				BD72621A232AD171009AA2F4 /* UIBeizerPathProvider.swift */,
				BDFA50C7232CB57B00116B3A /* UIPageControlAdapter.swift */,
			);
			path = Sources;
			sourceTree = "<group>";
		};
		3D9C42A32274595F000A6585 /* Tests */ = {
			isa = PBXGroup;
			children = (
				3D9C42EC22745FDA000A6585 /* LinuxMain.swift */,
				3D9C42D722745CDE000A6585 /* InkPageIndicatorTests.swift */,
				BDC8023A232A0BDE00BEF13C /* CenterLayoutArrangerTest.swift */,
				BD72621C232AD202009AA2F4 /* UIBeizerPathProviderTest.swift */,
				BDC8023E232A0DAE00BEF13C /* CGUtils.swift */,
			);
			path = Tests;
			sourceTree = "<group>";
		};
		3D9C43222274629B000A6585 /* Example */ = {
			isa = PBXGroup;
			children = (
				BDABF1A3232B3A92003350DA /* UICollectionView */,
				BDABF1A2232B3A88003350DA /* UIPageView */,
				BD3F0B332329BF39009AA076 /* Main.storyboard */,
				3D9C43232274629B000A6585 /* AppDelegate.swift */,
				BD3F0B312329BEC4009AA076 /* UIViewController+AddChild.swift */,
				BD3F0B352329C8EA009AA076 /* ChildViewController.swift */,
				BD4D6677232B350800D1D38A /* ChildModel.swift */,
				3D9C4333227462B9000A6585 /* Resources */,
				BDABF19C232B39D9003350DA /* Generator.swift */,
			);
			path = Example;
			sourceTree = "<group>";
		};
		3D9C4333227462B9000A6585 /* Resources */ = {
			isa = PBXGroup;
			children = (
				3D9C432A2274629C000A6585 /* Assets.xcassets */,
				3D9C432C2274629C000A6585 /* LaunchScreen.storyboard */,
				3D9C432F2274629C000A6585 /* Info.plist */,
			);
			path = Resources;
			sourceTree = "<group>";
		};
		BD3F0B432329DB13009AA076 /* Utils */ = {
			isa = PBXGroup;
			children = (
				BD3F0B3F2329CF13009AA076 /* Logger.swift */,
				BDC5C62A232A70F9003B2C76 /* FunctionTool.swift */,
				BD726210232A8EAD009AA2F4 /* EasingFunction.swift */,
			);
			path = Utils;
			sourceTree = "<group>";
		};
		BD726212232A99C9009AA2F4 /* Animators */ = {
			isa = PBXGroup;
			children = (
				BD726213232A99D1009AA2F4 /* TranslateDotAnimator.swift */,
			);
			path = Animators;
			sourceTree = "<group>";
		};
		BD726216232A9A1A009AA2F4 /* General */ = {
			isa = PBXGroup;
			children = (
				BDC5C62C232A745D003B2C76 /* AssinError.swift */,
			);
			path = General;
			sourceTree = "<group>";
		};
		BD726217232A9A2B009AA2F4 /* Extensions */ = {
			isa = PBXGroup;
			children = (
				BD3F0B3D2329CCD8009AA076 /* UIImage+Dot.swift */,
				BDC80241232A207100BEF13C /* Array+Row.swift */,
				BD72620C232A8BBA009AA2F4 /* Array+Subscript.swift */,
				BD72620E232A8BCD009AA2F4 /* CABasicAnimation+Init.swift */,
			);
			path = Extensions;
			sourceTree = "<group>";
		};
		BDABF1A2232B3A88003350DA /* UIPageView */ = {
			isa = PBXGroup;
			children = (
				BD63FB98232CB8770086BCB1 /* SamplePageViewController.swift */,
				BD3F0B2D2329BD59009AA076 /* UIPageViewController+Paging.swift */,
				BDABF1A0232B3A31003350DA /* UIPageViewControllerExample.swift */,
			);
			path = UIPageView;
			sourceTree = "<group>";
		};
		BDABF1A3232B3A92003350DA /* UICollectionView */ = {
			isa = PBXGroup;
			children = (
				BDABF19E232B3A06003350DA /* UICollectionViewControllerExample.swift */,
				BDABF1A6232B3B08003350DA /* ScrollingImageCell.swift */,
				BDABF1A8232B3B1A003350DA /* SwiftNameIdentifier.swift */,
			);
			path = UICollectionView;
			sourceTree = "<group>";
		};
/* End PBXGroup section */

/* Begin PBXHeadersBuildPhase section */
		3D9C428B22745894000A6585 /* Headers */ = {
			isa = PBXHeadersBuildPhase;
			buildActionMask = 2147483647;
			files = (
			);
			runOnlyForDeploymentPostprocessing = 0;
		};
/* End PBXHeadersBuildPhase section */

/* Begin PBXNativeTarget section */
		3D9C428F22745894000A6585 /* InkPageIndicator-iOS */ = {
			isa = PBXNativeTarget;
			buildConfigurationList = 3D9C429822745894000A6585 /* Build configuration list for PBXNativeTarget "InkPageIndicator-iOS" */;
			buildPhases = (
				3D9C428B22745894000A6585 /* Headers */,
				3D9C428C22745894000A6585 /* Sources */,
				3D9C428D22745894000A6585 /* Frameworks */,
				3D9C428E22745894000A6585 /* Resources */,
				3D9C42CE22745AEA000A6585 /* Run SwiftLint */,
			);
			buildRules = (
			);
			dependencies = (
			);
			name = "InkPageIndicator-iOS";
			productName = InkPageIndicator;
			productReference = 3D9C429022745894000A6585 /* InkPageIndicator.framework */;
			productType = "com.apple.product-type.framework";
		};
		3D9C42F02274604A000A6585 /* InkPageIndicator-iOSTests */ = {
			isa = PBXNativeTarget;
			buildConfigurationList = 3D9C42F92274604A000A6585 /* Build configuration list for PBXNativeTarget "InkPageIndicator-iOSTests" */;
			buildPhases = (
				3D9C42ED2274604A000A6585 /* Sources */,
				3D9C42EE2274604A000A6585 /* Frameworks */,
				3D9C42EF2274604A000A6585 /* Resources */,
			);
			buildRules = (
			);
			dependencies = (
				3D9C42F82274604A000A6585 /* PBXTargetDependency */,
			);
			name = "InkPageIndicator-iOSTests";
			productName = "InkPageIndicator-iOSTests";
			productReference = 3D9C42F12274604A000A6585 /* InkPageIndicator-iOSTests.xctest */;
			productType = "com.apple.product-type.bundle.unit-test";
		};
		3D9C43202274629B000A6585 /* Example */ = {
			isa = PBXNativeTarget;
			buildConfigurationList = 3D9C43302274629C000A6585 /* Build configuration list for PBXNativeTarget "Example" */;
			buildPhases = (
				3D9C431D2274629B000A6585 /* Sources */,
				3D9C431E2274629B000A6585 /* Frameworks */,
				3D9C431F2274629B000A6585 /* Resources */,
				3D9C433822746323000A6585 /* Embed Frameworks */,
			);
			buildRules = (
			);
			dependencies = (
				3D9C433722746323000A6585 /* PBXTargetDependency */,
			);
			name = Example;
			productName = Example;
			productReference = 3D9C43212274629B000A6585 /* Example.app */;
			productType = "com.apple.product-type.application";
		};
/* End PBXNativeTarget section */

/* Begin PBXProject section */
		3D9C428722745894000A6585 /* Project object */ = {
			isa = PBXProject;
			attributes = {
				LastSwiftUpdateCheck = 1020;
				LastUpgradeCheck = 1020;
				ORGANIZATIONNAME = Tyler;
				TargetAttributes = {
					3D9C428F22745894000A6585 = {
						CreatedOnToolsVersion = 10.2.1;
						LastSwiftMigration = 1020;
					};
					3D9C42F02274604A000A6585 = {
						CreatedOnToolsVersion = 10.2.1;
					};
					3D9C43202274629B000A6585 = {
						CreatedOnToolsVersion = 10.2.1;
					};
				};
			};
			buildConfigurationList = 3D9C428A22745894000A6585 /* Build configuration list for PBXProject "InkPageIndicator" */;
			compatibilityVersion = "Xcode 9.3";
			developmentRegion = en;
			hasScannedForEncodings = 0;
			knownRegions = (
				en,
				Base,
			);
			mainGroup = 3D9C428622745894000A6585;
			productRefGroup = 3D9C429122745894000A6585 /* Products */;
			projectDirPath = "";
			projectRoot = "";
			targets = (
				3D9C428F22745894000A6585 /* InkPageIndicator-iOS */,
				3D9C42F02274604A000A6585 /* InkPageIndicator-iOSTests */,
				3D9C43202274629B000A6585 /* Example */,
			);
		};
/* End PBXProject section */

/* Begin PBXResourcesBuildPhase section */
		3D9C428E22745894000A6585 /* Resources */ = {
			isa = PBXResourcesBuildPhase;
			buildActionMask = 2147483647;
			files = (
			);
			runOnlyForDeploymentPostprocessing = 0;
		};
		3D9C42EF2274604A000A6585 /* Resources */ = {
			isa = PBXResourcesBuildPhase;
			buildActionMask = 2147483647;
			files = (
			);
			runOnlyForDeploymentPostprocessing = 0;
		};
		3D9C431F2274629B000A6585 /* Resources */ = {
			isa = PBXResourcesBuildPhase;
			buildActionMask = 2147483647;
			files = (
				BD3F0B342329BF39009AA076 /* Main.storyboard in Resources */,
				3D9C432E2274629C000A6585 /* LaunchScreen.storyboard in Resources */,
				3D9C432B2274629C000A6585 /* Assets.xcassets in Resources */,
			);
			runOnlyForDeploymentPostprocessing = 0;
		};
/* End PBXResourcesBuildPhase section */

/* Begin PBXShellScriptBuildPhase section */
		3D9C42CE22745AEA000A6585 /* Run SwiftLint */ = {
			isa = PBXShellScriptBuildPhase;
			buildActionMask = 2147483647;
			files = (
			);
			inputFileListPaths = (
			);
			inputPaths = (
			);
			name = "Run SwiftLint";
			outputFileListPaths = (
			);
			outputPaths = (
			);
			runOnlyForDeploymentPostprocessing = 0;
			shellPath = /bin/sh;
			shellScript = "if which swiftlint >/dev/null; then\nswiftlint\nelse\necho \"warning: SwiftLint not installed, download from https://github.com/realm/SwiftLint\"\nfi\n";
		};
/* End PBXShellScriptBuildPhase section */

/* Begin PBXSourcesBuildPhase section */
		3D9C428C22745894000A6585 /* Sources */ = {
			isa = PBXSourcesBuildPhase;
			buildActionMask = 2147483647;
			files = (
				BD726211232A8EAD009AA2F4 /* EasingFunction.swift in Sources */,
				BD72621B232AD171009AA2F4 /* UIBeizerPathProvider.swift in Sources */,
				BDFA50C8232CB57B00116B3A /* UIPageControlAdapter.swift in Sources */,
				BD3F0B442329DC1D009AA076 /* UIImage+Dot.swift in Sources */,
				BD726214232A99D1009AA2F4 /* TranslateDotAnimator.swift in Sources */,
				BD726219232AA39A009AA2F4 /* DotType.swift in Sources */,
				BD72620D232A8BBA009AA2F4 /* Array+Subscript.swift in Sources */,
				BD4D6675232B2FC400D1D38A /* AssinPageController.swift in Sources */,
				BD3F0B452329DC1D009AA076 /* Logger.swift in Sources */,
				BD72620B232A8726009AA2F4 /* AssinPageControl+CALayer.swift in Sources */,
				BD72620F232A8BCD009AA2F4 /* CABasicAnimation+Init.swift in Sources */,
				BDC80242232A207100BEF13C /* Array+Row.swift in Sources */,
				BDC5C62D232A745D003B2C76 /* AssinError.swift in Sources */,
				BDC5C62B232A70F9003B2C76 /* FunctionTool.swift in Sources */,
				BDC80239232A0B3B00BEF13C /* CenterLayoutArranger.swift in Sources */,
				3D9C42A222745900000A6585 /* AssinPageControl.swift in Sources */,
			);
			runOnlyForDeploymentPostprocessing = 0;
		};
		3D9C42ED2274604A000A6585 /* Sources */ = {
			isa = PBXSourcesBuildPhase;
			buildActionMask = 2147483647;
			files = (
				BD72621E232AD257009AA2F4 /* UIBeizerPathProviderTest.swift in Sources */,
				BDC80240232A0DBE00BEF13C /* CGUtils.swift in Sources */,
				BDC8023D232A0C7700BEF13C /* CenterLayoutArrangerTest.swift in Sources */,
				3D9C42FC22746078000A6585 /* InkPageIndicatorTests.swift in Sources */,
			);
			runOnlyForDeploymentPostprocessing = 0;
		};
		3D9C431D2274629B000A6585 /* Sources */ = {
			isa = PBXSourcesBuildPhase;
			buildActionMask = 2147483647;
			files = (
				BDABF19F232B3A06003350DA /* UICollectionViewControllerExample.swift in Sources */,
				BD3F0B3E2329CCD8009AA076 /* UIImage+Dot.swift in Sources */,
				BD4D6678232B350800D1D38A /* ChildModel.swift in Sources */,
				BD3F0B2E2329BD59009AA076 /* UIPageViewController+Paging.swift in Sources */,
				BDABF1A9232B3B1A003350DA /* SwiftNameIdentifier.swift in Sources */,
				BD3F0B402329CF13009AA076 /* Logger.swift in Sources */,
				3D9C43242274629B000A6585 /* AppDelegate.swift in Sources */,
				BDABF19D232B39D9003350DA /* Generator.swift in Sources */,
				BD3F0B322329BEC4009AA076 /* UIViewController+AddChild.swift in Sources */,
				BDABF1A1232B3A31003350DA /* UIPageViewControllerExample.swift in Sources */,
				BD3F0B362329C8EA009AA076 /* ChildViewController.swift in Sources */,
				BD63FB99232CB8770086BCB1 /* SamplePageViewController.swift in Sources */,
				BDABF1A7232B3B08003350DA /* ScrollingImageCell.swift in Sources */,
			);
			runOnlyForDeploymentPostprocessing = 0;
		};
/* End PBXSourcesBuildPhase section */

/* Begin PBXTargetDependency section */
		3D9C42F82274604A000A6585 /* PBXTargetDependency */ = {
			isa = PBXTargetDependency;
			target = 3D9C428F22745894000A6585 /* InkPageIndicator-iOS */;
			targetProxy = 3D9C42F72274604A000A6585 /* PBXContainerItemProxy */;
		};
		3D9C433722746323000A6585 /* PBXTargetDependency */ = {
			isa = PBXTargetDependency;
			target = 3D9C428F22745894000A6585 /* InkPageIndicator-iOS */;
			targetProxy = 3D9C433622746323000A6585 /* PBXContainerItemProxy */;
		};
/* End PBXTargetDependency section */

/* Begin PBXVariantGroup section */
		3D9C432C2274629C000A6585 /* LaunchScreen.storyboard */ = {
			isa = PBXVariantGroup;
			children = (
				3D9C432D2274629C000A6585 /* Base */,
			);
			name = LaunchScreen.storyboard;
			sourceTree = "<group>";
		};
/* End PBXVariantGroup section */

/* Begin XCBuildConfiguration section */
		3D9C429622745894000A6585 /* Debug */ = {
			isa = XCBuildConfiguration;
			buildSettings = {
				ALWAYS_SEARCH_USER_PATHS = NO;
				CLANG_ANALYZER_NONNULL = YES;
				CLANG_ANALYZER_NUMBER_OBJECT_CONVERSION = YES_AGGRESSIVE;
				CLANG_CXX_LANGUAGE_STANDARD = "gnu++14";
				CLANG_CXX_LIBRARY = "libc++";
				CLANG_ENABLE_MODULES = YES;
				CLANG_ENABLE_OBJC_ARC = YES;
				CLANG_ENABLE_OBJC_WEAK = YES;
				CLANG_WARN_BLOCK_CAPTURE_AUTORELEASING = YES;
				CLANG_WARN_BOOL_CONVERSION = YES;
				CLANG_WARN_COMMA = YES;
				CLANG_WARN_CONSTANT_CONVERSION = YES;
				CLANG_WARN_DEPRECATED_OBJC_IMPLEMENTATIONS = YES;
				CLANG_WARN_DIRECT_OBJC_ISA_USAGE = YES_ERROR;
				CLANG_WARN_DOCUMENTATION_COMMENTS = YES;
				CLANG_WARN_EMPTY_BODY = YES;
				CLANG_WARN_ENUM_CONVERSION = YES;
				CLANG_WARN_INFINITE_RECURSION = YES;
				CLANG_WARN_INT_CONVERSION = YES;
				CLANG_WARN_NON_LITERAL_NULL_CONVERSION = YES;
				CLANG_WARN_OBJC_IMPLICIT_RETAIN_SELF = YES;
				CLANG_WARN_OBJC_LITERAL_CONVERSION = YES;
				CLANG_WARN_OBJC_ROOT_CLASS = YES_ERROR;
				CLANG_WARN_RANGE_LOOP_ANALYSIS = YES;
				CLANG_WARN_STRICT_PROTOTYPES = YES;
				CLANG_WARN_SUSPICIOUS_MOVE = YES;
				CLANG_WARN_UNGUARDED_AVAILABILITY = YES_AGGRESSIVE;
				CLANG_WARN_UNREACHABLE_CODE = YES;
				CLANG_WARN__DUPLICATE_METHOD_MATCH = YES;
				CODE_SIGN_IDENTITY = "iPhone Developer";
				COPY_PHASE_STRIP = NO;
				CURRENT_PROJECT_VERSION = 1;
				DEBUG_INFORMATION_FORMAT = dwarf;
				ENABLE_STRICT_OBJC_MSGSEND = YES;
				ENABLE_TESTABILITY = YES;
				GCC_C_LANGUAGE_STANDARD = gnu11;
				GCC_DYNAMIC_NO_PIC = NO;
				GCC_NO_COMMON_BLOCKS = YES;
				GCC_OPTIMIZATION_LEVEL = 0;
				GCC_PREPROCESSOR_DEFINITIONS = (
					"DEBUG=1",
					"$(inherited)",
				);
				GCC_WARN_64_TO_32_BIT_CONVERSION = YES;
				GCC_WARN_ABOUT_RETURN_TYPE = YES_ERROR;
				GCC_WARN_UNDECLARED_SELECTOR = YES;
				GCC_WARN_UNINITIALIZED_AUTOS = YES_AGGRESSIVE;
				GCC_WARN_UNUSED_FUNCTION = YES;
				GCC_WARN_UNUSED_VARIABLE = YES;
				IPHONEOS_DEPLOYMENT_TARGET = 10.0;
				MACOSX_DEPLOYMENT_TARGET = 10.10;
				MTL_ENABLE_DEBUG_INFO = INCLUDE_SOURCE;
				MTL_FAST_MATH = YES;
				ONLY_ACTIVE_ARCH = YES;
				SDKROOT = iphoneos;
				SWIFT_ACTIVE_COMPILATION_CONDITIONS = DEBUG;
				SWIFT_OPTIMIZATION_LEVEL = "-Onone";
				SWIFT_VERSION = 5.0;
				VERSIONING_SYSTEM = "apple-generic";
				VERSION_INFO_PREFIX = "";
			};
			name = Debug;
		};
		3D9C429722745894000A6585 /* Release */ = {
			isa = XCBuildConfiguration;
			buildSettings = {
				ALWAYS_SEARCH_USER_PATHS = NO;
				CLANG_ANALYZER_NONNULL = YES;
				CLANG_ANALYZER_NUMBER_OBJECT_CONVERSION = YES_AGGRESSIVE;
				CLANG_CXX_LANGUAGE_STANDARD = "gnu++14";
				CLANG_CXX_LIBRARY = "libc++";
				CLANG_ENABLE_MODULES = YES;
				CLANG_ENABLE_OBJC_ARC = YES;
				CLANG_ENABLE_OBJC_WEAK = YES;
				CLANG_WARN_BLOCK_CAPTURE_AUTORELEASING = YES;
				CLANG_WARN_BOOL_CONVERSION = YES;
				CLANG_WARN_COMMA = YES;
				CLANG_WARN_CONSTANT_CONVERSION = YES;
				CLANG_WARN_DEPRECATED_OBJC_IMPLEMENTATIONS = YES;
				CLANG_WARN_DIRECT_OBJC_ISA_USAGE = YES_ERROR;
				CLANG_WARN_DOCUMENTATION_COMMENTS = YES;
				CLANG_WARN_EMPTY_BODY = YES;
				CLANG_WARN_ENUM_CONVERSION = YES;
				CLANG_WARN_INFINITE_RECURSION = YES;
				CLANG_WARN_INT_CONVERSION = YES;
				CLANG_WARN_NON_LITERAL_NULL_CONVERSION = YES;
				CLANG_WARN_OBJC_IMPLICIT_RETAIN_SELF = YES;
				CLANG_WARN_OBJC_LITERAL_CONVERSION = YES;
				CLANG_WARN_OBJC_ROOT_CLASS = YES_ERROR;
				CLANG_WARN_RANGE_LOOP_ANALYSIS = YES;
				CLANG_WARN_STRICT_PROTOTYPES = YES;
				CLANG_WARN_SUSPICIOUS_MOVE = YES;
				CLANG_WARN_UNGUARDED_AVAILABILITY = YES_AGGRESSIVE;
				CLANG_WARN_UNREACHABLE_CODE = YES;
				CLANG_WARN__DUPLICATE_METHOD_MATCH = YES;
				CODE_SIGN_IDENTITY = "iPhone Developer";
				COPY_PHASE_STRIP = NO;
				CURRENT_PROJECT_VERSION = 1;
				DEBUG_INFORMATION_FORMAT = "dwarf-with-dsym";
				ENABLE_NS_ASSERTIONS = NO;
				ENABLE_STRICT_OBJC_MSGSEND = YES;
				GCC_C_LANGUAGE_STANDARD = gnu11;
				GCC_NO_COMMON_BLOCKS = YES;
				GCC_WARN_64_TO_32_BIT_CONVERSION = YES;
				GCC_WARN_ABOUT_RETURN_TYPE = YES_ERROR;
				GCC_WARN_UNDECLARED_SELECTOR = YES;
				GCC_WARN_UNINITIALIZED_AUTOS = YES_AGGRESSIVE;
				GCC_WARN_UNUSED_FUNCTION = YES;
				GCC_WARN_UNUSED_VARIABLE = YES;
				IPHONEOS_DEPLOYMENT_TARGET = 10.0;
				MACOSX_DEPLOYMENT_TARGET = 10.10;
				MTL_ENABLE_DEBUG_INFO = NO;
				MTL_FAST_MATH = YES;
				SDKROOT = iphoneos;
				SWIFT_COMPILATION_MODE = wholemodule;
				SWIFT_OPTIMIZATION_LEVEL = "-O";
				SWIFT_VERSION = 5.0;
				VALIDATE_PRODUCT = YES;
				VERSIONING_SYSTEM = "apple-generic";
				VERSION_INFO_PREFIX = "";
			};
			name = Release;
		};
		3D9C429922745894000A6585 /* Debug */ = {
			isa = XCBuildConfiguration;
			buildSettings = {
				APPLICATION_EXTENSION_API_ONLY = YES;
				CLANG_ENABLE_MODULES = YES;
				CODE_SIGN_IDENTITY = "";
				CODE_SIGN_STYLE = Manual;
				DEFINES_MODULE = YES;
				DEVELOPMENT_TEAM = "";
				DYLIB_COMPATIBILITY_VERSION = 1;
				DYLIB_CURRENT_VERSION = 1;
				DYLIB_INSTALL_NAME_BASE = "@rpath";
				INFOPLIST_FILE = Configs/InkPageIndicator.plist;
				INSTALL_PATH = "$(LOCAL_LIBRARY_DIR)/Frameworks";
				IPHONEOS_DEPLOYMENT_TARGET = 10.0;
				LD_RUNPATH_SEARCH_PATHS = (
					"$(inherited)",
					"@executable_path/Frameworks",
					"@loader_path/Frameworks",
				);
				PRODUCT_BUNDLE_IDENTIFIER = "com.hucet.InkPageIndicator-iOS";
				PRODUCT_NAME = InkPageIndicator;
				PROVISIONING_PROFILE_SPECIFIER = "";
				SKIP_INSTALL = YES;
				SWIFT_OPTIMIZATION_LEVEL = "-Onone";
				SWIFT_VERSION = 5.0;
				TARGETED_DEVICE_FAMILY = "1,2";
			};
			name = Debug;
		};
		3D9C429A22745894000A6585 /* Release */ = {
			isa = XCBuildConfiguration;
			buildSettings = {
				APPLICATION_EXTENSION_API_ONLY = YES;
				CLANG_ENABLE_MODULES = YES;
				CODE_SIGN_IDENTITY = "";
				CODE_SIGN_STYLE = Manual;
				DEFINES_MODULE = YES;
				DEVELOPMENT_TEAM = "";
				DYLIB_COMPATIBILITY_VERSION = 1;
				DYLIB_CURRENT_VERSION = 1;
				DYLIB_INSTALL_NAME_BASE = "@rpath";
				INFOPLIST_FILE = Configs/InkPageIndicator.plist;
				INSTALL_PATH = "$(LOCAL_LIBRARY_DIR)/Frameworks";
				IPHONEOS_DEPLOYMENT_TARGET = 10.0;
				LD_RUNPATH_SEARCH_PATHS = (
					"$(inherited)",
					"@executable_path/Frameworks",
					"@loader_path/Frameworks",
				);
				PRODUCT_BUNDLE_IDENTIFIER = "com.hucet.InkPageIndicator-iOS";
				PRODUCT_NAME = InkPageIndicator;
				PROVISIONING_PROFILE_SPECIFIER = "";
				SKIP_INSTALL = YES;
				SWIFT_VERSION = 5.0;
				TARGETED_DEVICE_FAMILY = "1,2";
			};
			name = Release;
		};
		3D9C42FA2274604A000A6585 /* Debug */ = {
			isa = XCBuildConfiguration;
			buildSettings = {
				CODE_SIGN_STYLE = Automatic;
				INFOPLIST_FILE = Configs/InkPageIndicatorTests.plist;
				IPHONEOS_DEPLOYMENT_TARGET = 10.0;
				LD_RUNPATH_SEARCH_PATHS = (
					"$(inherited)",
					"@executable_path/Frameworks",
					"@loader_path/Frameworks",
				);
				PRODUCT_BUNDLE_IDENTIFIER = "com.hucet.InkPageIndicator-iOSTests";
				PRODUCT_NAME = "$(TARGET_NAME)";
				SWIFT_VERSION = 5.0;
				TARGETED_DEVICE_FAMILY = "1,2";
			};
			name = Debug;
		};
		3D9C42FB2274604A000A6585 /* Release */ = {
			isa = XCBuildConfiguration;
			buildSettings = {
				CODE_SIGN_STYLE = Automatic;
				INFOPLIST_FILE = Configs/InkPageIndicatorTests.plist;
				IPHONEOS_DEPLOYMENT_TARGET = 10.0;
				LD_RUNPATH_SEARCH_PATHS = (
					"$(inherited)",
					"@executable_path/Frameworks",
					"@loader_path/Frameworks",
				);
				PRODUCT_BUNDLE_IDENTIFIER = "com.hucet.InkPageIndicator-iOSTests";
				PRODUCT_NAME = "$(TARGET_NAME)";
				SWIFT_VERSION = 5.0;
				TARGETED_DEVICE_FAMILY = "1,2";
			};
			name = Release;
		};
		3D9C43312274629C000A6585 /* Debug */ = {
			isa = XCBuildConfiguration;
			buildSettings = {
				ALWAYS_EMBED_SWIFT_STANDARD_LIBRARIES = YES;
				ASSETCATALOG_COMPILER_APPICON_NAME = AppIcon;
				CODE_SIGN_STYLE = Manual;
				DEVELOPMENT_TEAM = "";
				INFOPLIST_FILE = Example/Resources/Info.plist;
				IPHONEOS_DEPLOYMENT_TARGET = 10.0;
				LD_RUNPATH_SEARCH_PATHS = (
					"$(inherited)",
					"@executable_path/Frameworks",
				);
				PRODUCT_BUNDLE_IDENTIFIER = "com.hucet-iOS.Example";
				PRODUCT_NAME = "$(TARGET_NAME)";
				PROVISIONING_PROFILE_SPECIFIER = "";
				SWIFT_VERSION = 5.0;
				TARGETED_DEVICE_FAMILY = "1,2";
			};
			name = Debug;
		};
		3D9C43322274629C000A6585 /* Release */ = {
			isa = XCBuildConfiguration;
			buildSettings = {
				ALWAYS_EMBED_SWIFT_STANDARD_LIBRARIES = YES;
				ASSETCATALOG_COMPILER_APPICON_NAME = AppIcon;
				CODE_SIGN_STYLE = Manual;
				DEVELOPMENT_TEAM = "";
				INFOPLIST_FILE = Example/Resources/Info.plist;
				IPHONEOS_DEPLOYMENT_TARGET = 10.0;
				LD_RUNPATH_SEARCH_PATHS = (
					"$(inherited)",
					"@executable_path/Frameworks",
				);
				PRODUCT_BUNDLE_IDENTIFIER = "com.hucet-iOS.Example";
				PRODUCT_NAME = "$(TARGET_NAME)";
				PROVISIONING_PROFILE_SPECIFIER = "";
				SWIFT_VERSION = 5.0;
				TARGETED_DEVICE_FAMILY = "1,2";
			};
			name = Release;
		};
/* End XCBuildConfiguration section */

/* Begin XCConfigurationList section */
		3D9C428A22745894000A6585 /* Build configuration list for PBXProject "InkPageIndicator" */ = {
			isa = XCConfigurationList;
			buildConfigurations = (
				3D9C429622745894000A6585 /* Debug */,
				3D9C429722745894000A6585 /* Release */,
			);
			defaultConfigurationIsVisible = 0;
			defaultConfigurationName = Release;
		};
		3D9C429822745894000A6585 /* Build configuration list for PBXNativeTarget "InkPageIndicator-iOS" */ = {
			isa = XCConfigurationList;
			buildConfigurations = (
				3D9C429922745894000A6585 /* Debug */,
				3D9C429A22745894000A6585 /* Release */,
			);
			defaultConfigurationIsVisible = 0;
			defaultConfigurationName = Release;
		};
		3D9C42F92274604A000A6585 /* Build configuration list for PBXNativeTarget "InkPageIndicator-iOSTests" */ = {
			isa = XCConfigurationList;
			buildConfigurations = (
				3D9C42FA2274604A000A6585 /* Debug */,
				3D9C42FB2274604A000A6585 /* Release */,
			);
			defaultConfigurationIsVisible = 0;
			defaultConfigurationName = Release;
		};
		3D9C43302274629C000A6585 /* Build configuration list for PBXNativeTarget "Example" */ = {
			isa = XCConfigurationList;
			buildConfigurations = (
				3D9C43312274629C000A6585 /* Debug */,
				3D9C43322274629C000A6585 /* Release */,
			);
			defaultConfigurationIsVisible = 0;
			defaultConfigurationName = Release;
		};
/* End XCConfigurationList section */
	};
	rootObject = 3D9C428722745894000A6585 /* Project object */;
}
